{
  "name": "socket_app",
  "version": "1.0.0",
  "lockfileVersion": 1,
  "requires": true,
  "dependencies": {
    "active-x-obfuscator": {
      "version": "0.0.1",
      "resolved": "https://artifacts.iflytek.com:443/api/npm/npm-repo/active-x-obfuscator/download/active-x-obfuscator-0.0.1.tgz",
      "integrity": "sha1-CJuJs3FF/x2ex0r2UwvlUmyuHxo=",
      "requires": {
        "zeparser": "0.0.5"
      }
    },
    "base64id": {
      "version": "0.1.0",
      "resolved": "https://artifacts.iflytek.com:443/api/npm/npm-repo/base64id/base64id-0.1.0.tgz",
      "integrity": "sha1-As4P3u4M709ACA4ec+g08LG/zj8="
    },
    "bytes": {
      "version": "0.1.0",
      "resolved": "https://artifacts.iflytek.com:443/api/npm/npm-repo/bytes/bytes-0.1.0.tgz",
      "integrity": "sha1-xXSBIigSbWNp0VdpJahXnbP45aI="
    },
    "commander": {
      "version": "2.1.0",
      "resolved": "https://artifacts.iflytek.com:443/api/npm/npm-repo/commander/commander-2.1.0.tgz",
      "integrity": "sha1-0SG7roYNmZKj1Re6lvVliOR8Z4E="
    },
    "connect": {
      "version": "2.6.0",
      "resolved": "https://artifacts.iflytek.com:443/api/npm/npm-repo/connect/download/connect-2.6.0.tgz",
      "integrity": "sha1-OdSuftTE2U2GcN/i1+ixObTerU8=",
      "requires": {
        "bytes": "0.1.0",
        "cookie": "0.0.4",
        "crc": "0.2.0",
        "debug": "*",
        "formidable": "1.0.11",
        "fresh": "0.1.0",
        "pause": "0.0.1",
        "qs": "0.5.1",
        "send": "0.0.4"
      },
      "dependencies": {
        "send": {
          "version": "0.0.4",
          "resolved": "https://artifacts.iflytek.com:443/api/npm/npm-repo/send/download/send-0.0.4.tgz",
          "integrity": "sha1-LUz3mxifzQlhDhMCUQrJsOTd6AA=",
          "requires": {
            "debug": "*",
            "fresh": "0.1.0",
            "mime": "1.2.6",
            "range-parser": "0.0.4"
          }
        }
      }
    },
    "cookie": {
      "version": "0.0.4",
      "resolved": "https://artifacts.iflytek.com:443/api/npm/npm-repo/cookie/cookie-0.0.4.tgz",
      "integrity": "sha1-VFa9R67iZm6sl26oCmEFlASD/pg="
    },
    "crc": {
      "version": "0.2.0",
      "resolved": "https://artifacts.iflytek.com:443/api/npm/npm-repo/crc/crc-0.2.0.tgz",
      "integrity": "sha1-9Ehrm/ChLfg8P8oU4x4DD9q9lFQ="
    },
    "debug": {
      "version": "4.3.3",
      "resolved": "https://artifacts.iflytek.com:443/api/npm/npm-repo/debug/download/debug-4.3.3.tgz",
      "integrity": "sha1-BCZuC3CpjURi5uKI44JZITMytmQ=",
      "requires": {
        "ms": "2.1.2"
      }
    },
    "express": {
      "version": "3.0.0",
      "resolved": "https://artifacts.iflytek.com:443/api/npm/npm-repo/express/download/express-3.0.0.tgz",
      "integrity": "sha1-QeIC82J+pEK+nobV7FEkatcjOe0=",
      "requires": {
        "commander": "0.6.1",
        "connect": "2.6.0",
        "cookie": "0.0.4",
        "crc": "0.2.0",
        "debug": "*",
        "fresh": "0.1.0",
        "methods": "0.0.1",
        "mkdirp": "0.3.3",
        "range-parser": "0.0.4",
        "send": "0.1.0"
      },
      "dependencies": {
        "commander": {
          "version": "0.6.1",
          "resolved": "https://artifacts.iflytek.com:443/api/npm/npm-repo/commander/commander-0.6.1.tgz",
          "integrity": "sha1-+mihT2qUXVTbvlDYzbMyDp47GgY="
        }
      }
    },
    "formidable": {
      "version": "1.0.11",
      "resolved": "https://artifacts.iflytek.com:443/api/npm/npm-repo/formidable/formidable-1.0.11.tgz",
      "integrity": "sha1-aPYzJaA15kS297s9ESQ7l2HeGzA="
    },
    "fresh": {
      "version": "0.1.0",
      "resolved": "https://artifacts.iflytek.com:443/api/npm/npm-repo/fresh/fresh-0.1.0.tgz",
      "integrity": "sha1-A+SwF4Qk5MLV0ZpU2IFM3JeTSFA="
    },
    "methods": {
      "version": "0.0.1",
      "resolved": "https://artifacts.iflytek.com:443/api/npm/npm-repo/methods/methods-0.0.1.tgz",
      "integrity": "sha1-J3yQ+L7zlwlkWoNxxRw7bGSOBow="
    },
    "mime": {
      "version": "1.2.6",
      "resolved": "https://artifacts.iflytek.com:443/api/npm/npm-repo/mime/mime-1.2.6.tgz",
      "integrity": "sha1-sfhsdowCX6h7SAdfFwnyiuryA2U="
    },
    "mkdirp": {
      "version": "0.3.3",
      "resolved": "https://artifacts.iflytek.com:443/api/npm/npm-repo/mkdirp/mkdirp-0.3.3.tgz",
      "integrity": "sha1-WV4lHBNww6aLqyE20ONIuBBa3xM="
    },
    "ms": {
      "version": "2.1.2",
      "resolved": "https://artifacts.iflytek.com:443/api/npm/npm-repo/ms/ms-2.1.2.tgz",
      "integrity": "sha1-0J0fNXtEP0kzgqjrPM0YOHKuYAk="
    },
    "nan": {
      "version": "1.0.0",
      "resolved": "https://artifacts.iflytek.com:443/api/npm/npm-repo/nan/nan-1.0.0.tgz",
      "integrity": "sha1-riT4hQgY1mL8q1rPfzuVv6oszzg="
    },
    "options": {
      "version": "0.0.6",
      "resolved": "https://artifacts.iflytek.com:443/api/npm/npm-repo/options/options-0.0.6.tgz",
      "integrity": "sha1-7CLTEoBrtT5zF3Pnza788cZDEo8="
    },
    "pause": {
      "version": "0.0.1",
      "resolved": "https://artifacts.iflytek.com:443/api/npm/npm-repo/pause/pause-0.0.1.tgz",
      "integrity": "sha1-HUCLP9t2kjuVQ9lvtMnf1TXZy10="
    },
    "policyfile": {
      "version": "0.0.4",
      "resolved": "https://artifacts.iflytek.com:443/api/npm/npm-repo/policyfile/download/policyfile-0.0.4.tgz",
      "integrity": "sha1-1rgurZiueeviKOLa9ZAzEeyYLk0="
    },
    "qs": {
      "version": "0.5.1",
      "resolved": "https://artifacts.iflytek.com:443/api/npm/npm-repo/qs/qs-0.5.1.tgz",
      "integrity": "sha1-n2v12axsdjhOldNtFbSJgOXkrdA="
    },
    "range-parser": {
      "version": "0.0.4",
      "resolved": "https://artifacts.iflytek.com:443/api/npm/npm-repo/range-parser/range-parser-0.0.4.tgz",
      "integrity": "sha1-wEJ//vUcEKy6B4KkbJYC50T/Ygs="
    },
    "redis": {
      "version": "0.7.3",
      "resolved": "https://artifacts.iflytek.com:443/api/npm/npm-repo/redis/download/redis-0.7.3.tgz",
      "integrity": "sha1-7le3pE0l7BWU5ENl2BZfp9HUgRo=",
      "optional": true
    },
    "send": {
      "version": "0.1.0",
      "resolved": "https://artifacts.iflytek.com:443/api/npm/npm-repo/send/send-0.1.0.tgz",
      "integrity": "sha1-z7COvTzsm3/Bo32f+eh1qXHPRkA=",
      "requires": {
        "debug": "*",
        "fresh": "0.1.0",
        "mime": "1.2.6",
        "range-parser": "0.0.4"
      }
    },
    "socket.io": {
      "version": "0.9.19",
      "resolved": "https://artifacts.iflytek.com:443/api/npm/npm-repo/socket.io/download/socket.io-0.9.19.tgz",
      "integrity": "sha1-SQu1/Q3FTPAC7gTmf638Q7hIo48=",
      "requires": {
        "base64id": "0.1.0",
        "policyfile": "0.0.4",
        "redis": "0.7.3",
        "socket.io-client": "0.9.16"
      }
    },
    "socket.io-client": {
      "version": "0.9.16",
      "resolved": "https://artifacts.iflytek.com:443/api/npm/npm-repo/socket.io-client/download/socket.io-client-0.9.16.tgz",
      "integrity": "sha1-TadRXF53MEHRtCOXBBW8xDDzX8Y=",
      "requires": {
        "active-x-obfuscator": "0.0.1",
        "uglify-js": "1.2.5",
        "ws": "0.4.x",
        "xmlhttprequest": "1.4.2"
      }
    },
    "tinycolor": {
      "version": "0.0.1",
      "resolved": "https://artifacts.iflytek.com:443/api/npm/npm-repo/tinycolor/tinycolor-0.0.1.tgz",
      "integrity": "sha1-MgtaUtg6u1l42Bo+iH1K77FaYWQ="
    },
    "uglify-js": {
      "version": "1.2.5",
      "resolved": "https://artifacts.iflytek.com:443/api/npm/npm-repo/uglify-js/download/uglify-js-1.2.5.tgz",
      "integrity": "sha1-tULCx29477NLIAsgF3Y0Mw/3ArY="
    },
    "ws": {
      "version": "0.4.32",
      "resolved": "https://artifacts.iflytek.com:443/api/npm/npm-repo/ws/ws-0.4.32.tgz",
      "integrity": "sha1-eHphVEFPPJntg8V3IVOyD+sM7DI=",
      "requires": {
        "commander": "~2.1.0",
        "nan": "~1.0.0",
        "options": ">=0.0.5",
        "tinycolor": "0.x"
      }
    },
    "xmlhttprequest": {
      "version": "1.4.2",
      "resolved": "https://artifacts.iflytek.com:443/api/npm/npm-repo/xmlhttprequest/xmlhttprequest-1.4.2.tgz",
      "integrity": "sha1-AUU6HZvtHo8XL2SVu/TIxCYyFQA="
    },
    "zeparser": {
      "version": "0.0.5",
      "resolved": "https://artifacts.iflytek.com:443/api/npm/npm-repo/zeparser/download/zeparser-0.0.5.tgz",
      "integrity": "sha1-A3JlYbwmjy5URPVMZlt/1KjAKeI="
    }
  }
}
